// !$*UTF8*$!
{
	archiveVersion = 1;
	classes = {
	};
	objectVersion = 56;
	objects = {

/* Begin PBXBuildFile section */
		D8BB06DC2A1198090047BD94 /* Coin_MasterApp.swift in Sources */ = {isa = PBXBuildFile; fileRef = D8BB06DB2A1198090047BD94 /* Coin_MasterApp.swift */; };
		D8BB06DE2A1198090047BD94 /* ContentView.swift in Sources */ = {isa = PBXBuildFile; fileRef = D8BB06DD2A1198090047BD94 /* ContentView.swift */; };
		D8BB06E02A11980D0047BD94 /* Assets.xcassets in Resources */ = {isa = PBXBuildFile; fileRef = D8BB06DF2A11980D0047BD94 /* Assets.xcassets */; };
		D8BB06E32A11980D0047BD94 /* Preview Assets.xcassets in Resources */ = {isa = PBXBuildFile; fileRef = D8BB06E22A11980D0047BD94 /* Preview Assets.xcassets */; };
		D8BB06F22A126D1F0047BD94 /* HomeView.swift in Sources */ = {isa = PBXBuildFile; fileRef = D8BB06F12A126D1F0047BD94 /* HomeView.swift */; };
		D8BB06F42A126E4A0047BD94 /* TopMoversView.swift in Sources */ = {isa = PBXBuildFile; fileRef = D8BB06F32A126E4A0047BD94 /* TopMoversView.swift */; };
		D8BB06F62A126E5E0047BD94 /* TopMoversItemView.swift in Sources */ = {isa = PBXBuildFile; fileRef = D8BB06F52A126E5E0047BD94 /* TopMoversItemView.swift */; };
		D8BB06F82A1277200047BD94 /* AllCoinView.swift in Sources */ = {isa = PBXBuildFile; fileRef = D8BB06F72A1277200047BD94 /* AllCoinView.swift */; };
		D8BB06FA2A12772E0047BD94 /* CoinRowView.swift in Sources */ = {isa = PBXBuildFile; fileRef = D8BB06F92A12772E0047BD94 /* CoinRowView.swift */; };
/* End PBXBuildFile section */

/* Begin PBXFileReference section */
		D8BB06D82A1198090047BD94 /* Coin Master.app */ = {isa = PBXFileReference; explicitFileType = wrapper.application; includeInIndex = 0; path = "Coin Master.app"; sourceTree = BUILT_PRODUCTS_DIR; };
		D8BB06DB2A1198090047BD94 /* Coin_MasterApp.swift */ = {isa = PBXFileReference; lastKnownFileType = sourcecode.swift; path = Coin_MasterApp.swift; sourceTree = "<group>"; };
		D8BB06DD2A1198090047BD94 /* ContentView.swift */ = {isa = PBXFileReference; lastKnownFileType = sourcecode.swift; path = ContentView.swift; sourceTree = "<group>"; };
		D8BB06DF2A11980D0047BD94 /* Assets.xcassets */ = {isa = PBXFileReference; lastKnownFileType = folder.assetcatalog; path = Assets.xcassets; sourceTree = "<group>"; };
		D8BB06E22A11980D0047BD94 /* Preview Assets.xcassets */ = {isa = PBXFileReference; lastKnownFileType = folder.assetcatalog; path = "Preview Assets.xcassets"; sourceTree = "<group>"; };
		D8BB06F12A126D1F0047BD94 /* HomeView.swift */ = {isa = PBXFileReference; lastKnownFileType = sourcecode.swift; path = HomeView.swift; sourceTree = "<group>"; };
		D8BB06F32A126E4A0047BD94 /* TopMoversView.swift */ = {isa = PBXFileReference; lastKnownFileType = sourcecode.swift; path = TopMoversView.swift; sourceTree = "<group>"; };
		D8BB06F52A126E5E0047BD94 /* TopMoversItemView.swift */ = {isa = PBXFileReference; lastKnownFileType = sourcecode.swift; path = TopMoversItemView.swift; sourceTree = "<group>"; };
		D8BB06F72A1277200047BD94 /* AllCoinView.swift */ = {isa = PBXFileReference; lastKnownFileType = sourcecode.swift; path = AllCoinView.swift; sourceTree = "<group>"; };
		D8BB06F92A12772E0047BD94 /* CoinRowView.swift */ = {isa = PBXFileReference; lastKnownFileType = sourcecode.swift; path = CoinRowView.swift; sourceTree = "<group>"; };
/* End PBXFileReference section */

/* Begin PBXFrameworksBuildPhase section */
		D8BB06D52A1198090047BD94 /* Frameworks */ = {
			isa = PBXFrameworksBuildPhase;
			buildActionMask = 2147483647;
			files = (
			);
			runOnlyForDeploymentPostprocessing = 0;
		};
/* End PBXFrameworksBuildPhase section */

/* Begin PBXGroup section */
		D8BB06CF2A1198090047BD94 = {
			isa = PBXGroup;
			children = (
				D8BB06DA2A1198090047BD94 /* Coin Master */,
				D8BB06D92A1198090047BD94 /* Products */,
			);
			sourceTree = "<group>";
		};
		D8BB06D92A1198090047BD94 /* Products */ = {
			isa = PBXGroup;
			children = (
				D8BB06D82A1198090047BD94 /* Coin Master.app */,
			);
			name = Products;
			sourceTree = "<group>";
		};
		D8BB06DA2A1198090047BD94 /* Coin Master */ = {
			isa = PBXGroup;
			children = (
				D8BB06EE2A126C830047BD94 /* App */,
				D8BB06EC2A126C710047BD94 /* Core */,
				D8BB06EB2A126C650047BD94 /* Models */,
				D8BB06EA2A126C470047BD94 /* Extensions */,
				D8BB06E92A126C330047BD94 /* Utils */,
				D8BB06DD2A1198090047BD94 /* ContentView.swift */,
				D8BB06DF2A11980D0047BD94 /* Assets.xcassets */,
				D8BB06E12A11980D0047BD94 /* Preview Content */,
			);
			path = "Coin Master";
			sourceTree = "<group>";
		};
		D8BB06E12A11980D0047BD94 /* Preview Content */ = {
			isa = PBXGroup;
			children = (
				D8BB06E22A11980D0047BD94 /* Preview Assets.xcassets */,
			);
			path = "Preview Content";
			sourceTree = "<group>";
		};
		D8BB06E92A126C330047BD94 /* Utils */ = {
			isa = PBXGroup;
			children = (
			);
			path = Utils;
			sourceTree = "<group>";
		};
		D8BB06EA2A126C470047BD94 /* Extensions */ = {
			isa = PBXGroup;
			children = (
			);
			path = Extensions;
			sourceTree = "<group>";
		};
		D8BB06EB2A126C650047BD94 /* Models */ = {
			isa = PBXGroup;
			children = (
			);
			path = Models;
			sourceTree = "<group>";
		};
		D8BB06EC2A126C710047BD94 /* Core */ = {
			isa = PBXGroup;
			children = (
				D8BB06ED2A126C780047BD94 /* Home */,
			);
			path = Core;
			sourceTree = "<group>";
		};
		D8BB06ED2A126C780047BD94 /* Home */ = {
			isa = PBXGroup;
			children = (
				D8BB06F02A126D020047BD94 /* Views */,
				D8BB06EF2A126CFB0047BD94 /* ViewModels */,
			);
			path = Home;
			sourceTree = "<group>";
		};
		D8BB06EE2A126C830047BD94 /* App */ = {
			isa = PBXGroup;
			children = (
				D8BB06DB2A1198090047BD94 /* Coin_MasterApp.swift */,
			);
			path = App;
			sourceTree = "<group>";
		};
		D8BB06EF2A126CFB0047BD94 /* ViewModels */ = {
			isa = PBXGroup;
			children = (
			);
			path = ViewModels;
			sourceTree = "<group>";
		};
		D8BB06F02A126D020047BD94 /* Views */ = {
			isa = PBXGroup;
			children = (
				D8BB06F12A126D1F0047BD94 /* HomeView.swift */,
				D8BB06F32A126E4A0047BD94 /* TopMoversView.swift */,
				D8BB06F52A126E5E0047BD94 /* TopMoversItemView.swift */,
				D8BB06F72A1277200047BD94 /* AllCoinView.swift */,
				D8BB06F92A12772E0047BD94 /* CoinRowView.swift */,
			);
			path = Views;
			sourceTree = "<group>";
		};
/* End PBXGroup section */

/* Begin PBXNativeTarget section */
		D8BB06D72A1198090047BD94 /* Coin Master */ = {
			isa = PBXNativeTarget;
			buildConfigurationList = D8BB06E62A11980D0047BD94 /* Build configuration list for PBXNativeTarget "Coin Master" */;
			buildPhases = (
				D8BB06D42A1198090047BD94 /* Sources */,
				D8BB06D52A1198090047BD94 /* Frameworks */,
				D8BB06D62A1198090047BD94 /* Resources */,
			);
			buildRules = (
			);
			dependencies = (
			);
			name = "Coin Master";
			productName = "Coin Master";
			productReference = D8BB06D82A1198090047BD94 /* Coin Master.app */;
			productType = "com.apple.product-type.application";
		};
/* End PBXNativeTarget section */

/* Begin PBXProject section */
		D8BB06D02A1198090047BD94 /* Project object */ = {
			isa = PBXProject;
			attributes = {
				BuildIndependentTargetsInParallel = 1;
				LastSwiftUpdateCheck = 1430;
				LastUpgradeCheck = 1430;
				TargetAttributes = {
					D8BB06D72A1198090047BD94 = {
						CreatedOnToolsVersion = 14.3;
					};
				};
			};
			buildConfigurationList = D8BB06D32A1198090047BD94 /* Build configuration list for PBXProject "Coin Master" */;
			compatibilityVersion = "Xcode 14.0";
			developmentRegion = en;
			hasScannedForEncodings = 0;
			knownRegions = (
				en,
				Base,
			);
			mainGroup = D8BB06CF2A1198090047BD94;
			productRefGroup = D8BB06D92A1198090047BD94 /* Products */;
			projectDirPath = "";
			projectRoot = "";
			targets = (
				D8BB06D72A1198090047BD94 /* Coin Master */,
			);
		};
/* End PBXProject section */

/* Begin PBXResourcesBuildPhase section */
		D8BB06D62A1198090047BD94 /* Resources */ = {
			isa = PBXResourcesBuildPhase;
			buildActionMask = 2147483647;
			files = (
				D8BB06E32A11980D0047BD94 /* Preview Assets.xcassets in Resources */,
				D8BB06E02A11980D0047BD94 /* Assets.xcassets in Resources */,
			);
			runOnlyForDeploymentPostprocessing = 0;
		};
/* End PBXResourcesBuildPhase section */

/* Begin PBXSourcesBuildPhase section */
		D8BB06D42A1198090047BD94 /* Sources */ = {
			isa = PBXSourcesBuildPhase;
			buildActionMask = 2147483647;
			files = (
				D8BB06F42A126E4A0047BD94 /* TopMoversView.swift in Sources */,
				D8BB06F82A1277200047BD94 /* AllCoinView.swift in Sources */,
				D8BB06F22A126D1F0047BD94 /* HomeView.swift in Sources */,
				D8BB06DE2A1198090047BD94 /* ContentView.swift in Sources */,
				D8BB06DC2A1198090047BD94 /* Coin_MasterApp.swift in Sources */,
				D8BB06FA2A12772E0047BD94 /* CoinRowView.swift in Sources */,
				D8BB06F62A126E5E0047BD94 /* TopMoversItemView.swift in Sources */,
			);
			runOnlyForDeploymentPostprocessing = 0;
		};
/* End PBXSourcesBuildPhase section */

/* Begin XCBuildConfiguration section */
		D8BB06E42A11980D0047BD94 /* Debug */ = {
			isa = XCBuildConfiguration;
			buildSettings = {
				ALWAYS_SEARCH_USER_PATHS = NO;
				CLANG_ANALYZER_NONNULL = YES;
				CLANG_ANALYZER_NUMBER_OBJECT_CONVERSION = YES_AGGRESSIVE;
				CLANG_CXX_LANGUAGE_STANDARD = "gnu++20";
				CLANG_ENABLE_MODULES = YES;
				CLANG_ENABLE_OBJC_ARC = YES;
				CLANG_ENABLE_OBJC_WEAK = YES;
				CLANG_WARN_BLOCK_CAPTURE_AUTORELEASING = YES;
				CLANG_WARN_BOOL_CONVERSION = YES;
				CLANG_WARN_COMMA = YES;
				CLANG_WARN_CONSTANT_CONVERSION = YES;
				CLANG_WARN_DEPRECATED_OBJC_IMPLEMENTATIONS = YES;
				CLANG_WARN_DIRECT_OBJC_ISA_USAGE = YES_ERROR;
				CLANG_WARN_DOCUMENTATION_COMMENTS = YES;
				CLANG_WARN_EMPTY_BODY = YES;
				CLANG_WARN_ENUM_CONVERSION = YES;
				CLANG_WARN_INFINITE_RECURSION = YES;
				CLANG_WARN_INT_CONVERSION = YES;
				CLANG_WARN_NON_LITERAL_NULL_CONVERSION = YES;
				CLANG_WARN_OBJC_IMPLICIT_RETAIN_SELF = YES;
				CLANG_WARN_OBJC_LITERAL_CONVERSION = YES;
				CLANG_WARN_OBJC_ROOT_CLASS = YES_ERROR;
				CLANG_WARN_QUOTED_INCLUDE_IN_FRAMEWORK_HEADER = YES;
				CLANG_WARN_RANGE_LOOP_ANALYSIS = YES;
				CLANG_WARN_STRICT_PROTOTYPES = YES;
				CLANG_WARN_SUSPICIOUS_MOVE = YES;
				CLANG_WARN_UNGUARDED_AVAILABILITY = YES_AGGRESSIVE;
				CLANG_WARN_UNREACHABLE_CODE = YES;
				CLANG_WARN__DUPLICATE_METHOD_MATCH = YES;
				COPY_PHASE_STRIP = NO;
				DEBUG_INFORMATION_FORMAT = dwarf;
				ENABLE_STRICT_OBJC_MSGSEND = YES;
				ENABLE_TESTABILITY = YES;
				GCC_C_LANGUAGE_STANDARD = gnu11;
				GCC_DYNAMIC_NO_PIC = NO;
				GCC_NO_COMMON_BLOCKS = YES;
				GCC_OPTIMIZATION_LEVEL = 0;
				GCC_PREPROCESSOR_DEFINITIONS = (
					"DEBUG=1",
					"$(inherited)",
				);
				GCC_WARN_64_TO_32_BIT_CONVERSION = YES;
				GCC_WARN_ABOUT_RETURN_TYPE = YES_ERROR;
				GCC_WARN_UNDECLARED_SELECTOR = YES;
				GCC_WARN_UNINITIALIZED_AUTOS = YES_AGGRESSIVE;
				GCC_WARN_UNUSED_FUNCTION = YES;
				GCC_WARN_UNUSED_VARIABLE = YES;
				IPHONEOS_DEPLOYMENT_TARGET = 16.4;
				MTL_ENABLE_DEBUG_INFO = INCLUDE_SOURCE;
				MTL_FAST_MATH = YES;
				ONLY_ACTIVE_ARCH = YES;
				SDKROOT = iphoneos;
				SWIFT_ACTIVE_COMPILATION_CONDITIONS = DEBUG;
				SWIFT_OPTIMIZATION_LEVEL = "-Onone";
			};
			name = Debug;
		};
		D8BB06E52A11980D0047BD94 /* Release */ = {
			isa = XCBuildConfiguration;
			buildSettings = {
				ALWAYS_SEARCH_USER_PATHS = NO;
				CLANG_ANALYZER_NONNULL = YES;
				CLANG_ANALYZER_NUMBER_OBJECT_CONVERSION = YES_AGGRESSIVE;
				CLANG_CXX_LANGUAGE_STANDARD = "gnu++20";
				CLANG_ENABLE_MODULES = YES;
				CLANG_ENABLE_OBJC_ARC = YES;
				CLANG_ENABLE_OBJC_WEAK = YES;
				CLANG_WARN_BLOCK_CAPTURE_AUTORELEASING = YES;
				CLANG_WARN_BOOL_CONVERSION = YES;
				CLANG_WARN_COMMA = YES;
				CLANG_WARN_CONSTANT_CONVERSION = YES;
				CLANG_WARN_DEPRECATED_OBJC_IMPLEMENTATIONS = YES;
				CLANG_WARN_DIRECT_OBJC_ISA_USAGE = YES_ERROR;
				CLANG_WARN_DOCUMENTATION_COMMENTS = YES;
				CLANG_WARN_EMPTY_BODY = YES;
				CLANG_WARN_ENUM_CONVERSION = YES;
				CLANG_WARN_INFINITE_RECURSION = YES;
				CLANG_WARN_INT_CONVERSION = YES;
				CLANG_WARN_NON_LITERAL_NULL_CONVERSION = YES;
				CLANG_WARN_OBJC_IMPLICIT_RETAIN_SELF = YES;
				CLANG_WARN_OBJC_LITERAL_CONVERSION = YES;
				CLANG_WARN_OBJC_ROOT_CLASS = YES_ERROR;
				CLANG_WARN_QUOTED_INCLUDE_IN_FRAMEWORK_HEADER = YES;
				CLANG_WARN_RANGE_LOOP_ANALYSIS = YES;
				CLANG_WARN_STRICT_PROTOTYPES = YES;
				CLANG_WARN_SUSPICIOUS_MOVE = YES;
				CLANG_WARN_UNGUARDED_AVAILABILITY = YES_AGGRESSIVE;
				CLANG_WARN_UNREACHABLE_CODE = YES;
				CLANG_WARN__DUPLICATE_METHOD_MATCH = YES;
				COPY_PHASE_STRIP = NO;
				DEBUG_INFORMATION_FORMAT = "dwarf-with-dsym";
				ENABLE_NS_ASSERTIONS = NO;
				ENABLE_STRICT_OBJC_MSGSEND = YES;
				GCC_C_LANGUAGE_STANDARD = gnu11;
				GCC_NO_COMMON_BLOCKS = YES;
				GCC_WARN_64_TO_32_BIT_CONVERSION = YES;
				GCC_WARN_ABOUT_RETURN_TYPE = YES_ERROR;
				GCC_WARN_UNDECLARED_SELECTOR = YES;
				GCC_WARN_UNINITIALIZED_AUTOS = YES_AGGRESSIVE;
				GCC_WARN_UNUSED_FUNCTION = YES;
				GCC_WARN_UNUSED_VARIABLE = YES;
				IPHONEOS_DEPLOYMENT_TARGET = 16.4;
				MTL_ENABLE_DEBUG_INFO = NO;
				MTL_FAST_MATH = YES;
				SDKROOT = iphoneos;
				SWIFT_COMPILATION_MODE = wholemodule;
				SWIFT_OPTIMIZATION_LEVEL = "-O";
				VALIDATE_PRODUCT = YES;
			};
			name = Release;
		};
		D8BB06E72A11980D0047BD94 /* Debug */ = {
			isa = XCBuildConfiguration;
			buildSettings = {
				ASSETCATALOG_COMPILER_APPICON_NAME = AppIcon;
				ASSETCATALOG_COMPILER_GLOBAL_ACCENT_COLOR_NAME = AccentColor;
				CODE_SIGN_STYLE = Automatic;
				CURRENT_PROJECT_VERSION = 1;
				DEVELOPMENT_ASSET_PATHS = "\"Coin Master/Preview Content\"";
				ENABLE_PREVIEWS = YES;
				GENERATE_INFOPLIST_FILE = YES;
				INFOPLIST_KEY_UIApplicationSceneManifest_Generation = YES;
				INFOPLIST_KEY_UIApplicationSupportsIndirectInputEvents = YES;
				INFOPLIST_KEY_UILaunchScreen_Generation = YES;
				INFOPLIST_KEY_UISupportedInterfaceOrientations_iPad = "UIInterfaceOrientationPortrait UIInterfaceOrientationPortraitUpsideDown UIInterfaceOrientationLandscapeLeft UIInterfaceOrientationLandscapeRight";
				INFOPLIST_KEY_UISupportedInterfaceOrientations_iPhone = "UIInterfaceOrientationPortrait UIInterfaceOrientationLandscapeLeft UIInterfaceOrientationLandscapeRight";
				LD_RUNPATH_SEARCH_PATHS = (
					"$(inherited)",
					"@executable_path/Frameworks",
				);
				MARKETING_VERSION = 1.0;
				PRODUCT_BUNDLE_IDENTIFIER = "com.leoncio.Coin-Master";
				PRODUCT_NAME = "$(TARGET_NAME)";
				SWIFT_EMIT_LOC_STRINGS = YES;
				SWIFT_VERSION = 5.0;
				TARGETED_DEVICE_FAMILY = "1,2";
			};
			name = Debug;
		};
		D8BB06E82A11980D0047BD94 /* Release */ = {
			isa = XCBuildConfiguration;
			buildSettings = {
				ASSETCATALOG_COMPILER_APPICON_NAME = AppIcon;
				ASSETCATALOG_COMPILER_GLOBAL_ACCENT_COLOR_NAME = AccentColor;
				CODE_SIGN_STYLE = Automatic;
				CURRENT_PROJECT_VERSION = 1;
				DEVELOPMENT_ASSET_PATHS = "\"Coin Master/Preview Content\"";
				ENABLE_PREVIEWS = YES;
				GENERATE_INFOPLIST_FILE = YES;
				INFOPLIST_KEY_UIApplicationSceneManifest_Generation = YES;
				INFOPLIST_KEY_UIApplicationSupportsIndirectInputEvents = YES;
				INFOPLIST_KEY_UILaunchScreen_Generation = YES;
				INFOPLIST_KEY_UISupportedInterfaceOrientations_iPad = "UIInterfaceOrientationPortrait UIInterfaceOrientationPortraitUpsideDown UIInterfaceOrientationLandscapeLeft UIInterfaceOrientationLandscapeRight";
				INFOPLIST_KEY_UISupportedInterfaceOrientations_iPhone = "UIInterfaceOrientationPortrait UIInterfaceOrientationLandscapeLeft UIInterfaceOrientationLandscapeRight";
				LD_RUNPATH_SEARCH_PATHS = (
					"$(inherited)",
					"@executable_path/Frameworks",
				);
				MARKETING_VERSION = 1.0;
				PRODUCT_BUNDLE_IDENTIFIER = "com.leoncio.Coin-Master";
				PRODUCT_NAME = "$(TARGET_NAME)";
				SWIFT_EMIT_LOC_STRINGS = YES;
				SWIFT_VERSION = 5.0;
				TARGETED_DEVICE_FAMILY = "1,2";
			};
			name = Release;
		};
/* End XCBuildConfiguration section */

/* Begin XCConfigurationList section */
		D8BB06D32A1198090047BD94 /* Build configuration list for PBXProject "Coin Master" */ = {
			isa = XCConfigurationList;
			buildConfigurations = (
				D8BB06E42A11980D0047BD94 /* Debug */,
				D8BB06E52A11980D0047BD94 /* Release */,
			);
			defaultConfigurationIsVisible = 0;
			defaultConfigurationName = Release;
		};
		D8BB06E62A11980D0047BD94 /* Build configuration list for PBXNativeTarget "Coin Master" */ = {
			isa = XCConfigurationList;
			buildConfigurations = (
				D8BB06E72A11980D0047BD94 /* Debug */,
				D8BB06E82A11980D0047BD94 /* Release */,
			);
			defaultConfigurationIsVisible = 0;
			defaultConfigurationName = Release;
		};
/* End XCConfigurationList section */
	};
	rootObject = D8BB06D02A1198090047BD94 /* Project object */;
}
